// !$*UTF8*$!
{
	archiveVersion = 1;
	classes = {
	};
	objectVersion = 51;
	objects = {

/* Begin PBXBuildFile section */
		18D5F25D24A47488005BF355 /* AppDelegate.swift in Sources */ = {isa = PBXBuildFile; fileRef = 18D5F25C24A47488005BF355 /* AppDelegate.swift */; };
		18D5F25F24A47488005BF355 /* SceneDelegate.swift in Sources */ = {isa = PBXBuildFile; fileRef = 18D5F25E24A47488005BF355 /* SceneDelegate.swift */; };
		18D5F26424A47488005BF355 /* Main.storyboard in Resources */ = {isa = PBXBuildFile; fileRef = 18D5F26224A47488005BF355 /* Main.storyboard */; };
		18D5F26624A47489005BF355 /* Assets.xcassets in Resources */ = {isa = PBXBuildFile; fileRef = 18D5F26524A47489005BF355 /* Assets.xcassets */; };
		18D5F26924A47489005BF355 /* LaunchScreen.storyboard in Resources */ = {isa = PBXBuildFile; fileRef = 18D5F26724A47489005BF355 /* LaunchScreen.storyboard */; };
		18D5F27324A4786C005BF355 /* UrunListesiTableViewController.swift in Sources */ = {isa = PBXBuildFile; fileRef = 18D5F27224A4786C005BF355 /* UrunListesiTableViewController.swift */; };
		18D5F27524A4787D005BF355 /* UrunTableViewCell.swift in Sources */ = {isa = PBXBuildFile; fileRef = 18D5F27424A4787D005BF355 /* UrunTableViewCell.swift */; };
		18D5F27924A478BD005BF355 /* Urun.swift in Sources */ = {isa = PBXBuildFile; fileRef = 18D5F27824A478BD005BF355 /* Urun.swift */; };
		A3D514BA52DC27A2BEF181FB /* Pods_TableViewController.framework in Frameworks */ = {isa = PBXBuildFile; fileRef = EFEB6FE7AD258D57266140F7 /* Pods_TableViewController.framework */; };
/* End PBXBuildFile section */

/* Begin PBXFileReference section */
		18D5F25924A47488005BF355 /* TableViewController.app */ = {isa = PBXFileReference; explicitFileType = wrapper.application; includeInIndex = 0; path = TableViewController.app; sourceTree = BUILT_PRODUCTS_DIR; };
		18D5F25C24A47488005BF355 /* AppDelegate.swift */ = {isa = PBXFileReference; lastKnownFileType = sourcecode.swift; path = AppDelegate.swift; sourceTree = "<group>"; };
		18D5F25E24A47488005BF355 /* SceneDelegate.swift */ = {isa = PBXFileReference; lastKnownFileType = sourcecode.swift; path = SceneDelegate.swift; sourceTree = "<group>"; };
		18D5F26324A47488005BF355 /* Base */ = {isa = PBXFileReference; lastKnownFileType = file.storyboard; name = Base; path = Base.lproj/Main.storyboard; sourceTree = "<group>"; };
		18D5F26524A47489005BF355 /* Assets.xcassets */ = {isa = PBXFileReference; lastKnownFileType = folder.assetcatalog; path = Assets.xcassets; sourceTree = "<group>"; };
		18D5F26824A47489005BF355 /* Base */ = {isa = PBXFileReference; lastKnownFileType = file.storyboard; name = Base; path = Base.lproj/LaunchScreen.storyboard; sourceTree = "<group>"; };
		18D5F26A24A47489005BF355 /* Info.plist */ = {isa = PBXFileReference; lastKnownFileType = text.plist.xml; path = Info.plist; sourceTree = "<group>"; };
		18D5F27224A4786C005BF355 /* UrunListesiTableViewController.swift */ = {isa = PBXFileReference; lastKnownFileType = sourcecode.swift; path = UrunListesiTableViewController.swift; sourceTree = "<group>"; };
		18D5F27424A4787D005BF355 /* UrunTableViewCell.swift */ = {isa = PBXFileReference; lastKnownFileType = sourcecode.swift; path = UrunTableViewCell.swift; sourceTree = "<group>"; };
		18D5F27824A478BD005BF355 /* Urun.swift */ = {isa = PBXFileReference; lastKnownFileType = sourcecode.swift; path = Urun.swift; sourceTree = "<group>"; };
		18EF7A2D24A4F83A00433AEE /* TableViewController.entitlements */ = {isa = PBXFileReference; lastKnownFileType = text.plist.entitlements; path = TableViewController.entitlements; sourceTree = "<group>"; };
		9C3D0D5F5ECE7AA6AD67520F /* Pods-TableViewController.debug.xcconfig */ = {isa = PBXFileReference; includeInIndex = 1; lastKnownFileType = text.xcconfig; name = "Pods-TableViewController.debug.xcconfig"; path = "Target Support Files/Pods-TableViewController/Pods-TableViewController.debug.xcconfig"; sourceTree = "<group>"; };
		B540865F9E5E05F97A97EE83 /* Pods-TableViewController.release.xcconfig */ = {isa = PBXFileReference; includeInIndex = 1; lastKnownFileType = text.xcconfig; name = "Pods-TableViewController.release.xcconfig"; path = "Target Support Files/Pods-TableViewController/Pods-TableViewController.release.xcconfig"; sourceTree = "<group>"; };
		EFEB6FE7AD258D57266140F7 /* Pods_TableViewController.framework */ = {isa = PBXFileReference; explicitFileType = wrapper.framework; includeInIndex = 0; path = Pods_TableViewController.framework; sourceTree = BUILT_PRODUCTS_DIR; };
/* End PBXFileReference section */

/* Begin PBXFrameworksBuildPhase section */
		18D5F25624A47488005BF355 /* Frameworks */ = {
			isa = PBXFrameworksBuildPhase;
			buildActionMask = 2147483647;
			files = (
				A3D514BA52DC27A2BEF181FB /* Pods_TableViewController.framework in Frameworks */,
			);
			runOnlyForDeploymentPostprocessing = 0;
		};
/* End PBXFrameworksBuildPhase section */

/* Begin PBXGroup section */
		18D5F25024A47488005BF355 = {
			isa = PBXGroup;
			children = (
				18D5F25B24A47488005BF355 /* TableViewController */,
				18D5F25A24A47488005BF355 /* Products */,
				38C723FD8D48C53F23F8120D /* Pods */,
				885ED2706AAACA8A277A6DA2 /* Frameworks */,
			);
			sourceTree = "<group>";
		};
		18D5F25A24A47488005BF355 /* Products */ = {
			isa = PBXGroup;
			children = (
				18D5F25924A47488005BF355 /* TableViewController.app */,
			);
			name = Products;
			sourceTree = "<group>";
		};
		18D5F25B24A47488005BF355 /* TableViewController */ = {
			isa = PBXGroup;
			children = (
				18EF7A2D24A4F83A00433AEE /* TableViewController.entitlements */,
				18D5F27124A47854005BF355 /* Model */,
				18D5F27024A4784E005BF355 /* Controller */,
				18D5F25C24A47488005BF355 /* AppDelegate.swift */,
				18D5F25E24A47488005BF355 /* SceneDelegate.swift */,
				18D5F26224A47488005BF355 /* Main.storyboard */,
				18D5F26524A47489005BF355 /* Assets.xcassets */,
				18D5F26724A47489005BF355 /* LaunchScreen.storyboard */,
				18D5F26A24A47489005BF355 /* Info.plist */,
			);
			path = TableViewController;
			sourceTree = "<group>";
		};
		18D5F27024A4784E005BF355 /* Controller */ = {
			isa = PBXGroup;
			children = (
				18D5F27224A4786C005BF355 /* UrunListesiTableViewController.swift */,
				18D5F27424A4787D005BF355 /* UrunTableViewCell.swift */,
			);
			path = Controller;
			sourceTree = "<group>";
		};
		18D5F27124A47854005BF355 /* Model */ = {
			isa = PBXGroup;
			children = (
				18D5F27824A478BD005BF355 /* Urun.swift */,
			);
			path = Model;
			sourceTree = "<group>";
		};
		38C723FD8D48C53F23F8120D /* Pods */ = {
			isa = PBXGroup;
			children = (
				9C3D0D5F5ECE7AA6AD67520F /* Pods-TableViewController.debug.xcconfig */,
				B540865F9E5E05F97A97EE83 /* Pods-TableViewController.release.xcconfig */,
			);
			path = Pods;
			sourceTree = "<group>";
		};
		885ED2706AAACA8A277A6DA2 /* Frameworks */ = {
			isa = PBXGroup;
			children = (
				EFEB6FE7AD258D57266140F7 /* Pods_TableViewController.framework */,
			);
			name = Frameworks;
			sourceTree = "<group>";
		};
/* End PBXGroup section */

/* Begin PBXNativeTarget section */
		18D5F25824A47488005BF355 /* TableViewController */ = {
			isa = PBXNativeTarget;
			buildConfigurationList = 18D5F26D24A47489005BF355 /* Build configuration list for PBXNativeTarget "TableViewController" */;
			buildPhases = (
				67363C157D37097F810F029A /* [CP] Check Pods Manifest.lock */,
				18D5F25524A47488005BF355 /* Sources */,
				18D5F25624A47488005BF355 /* Frameworks */,
				18D5F25724A47488005BF355 /* Resources */,
				BF41F6783C4F621DC13CC3B4 /* [CP] Embed Pods Frameworks */,
			);
			buildRules = (
			);
			dependencies = (
			);
			name = TableViewController;
			productName = TableViewController;
			productReference = 18D5F25924A47488005BF355 /* TableViewController.app */;
			productType = "com.apple.product-type.application";
		};
/* End PBXNativeTarget section */

/* Begin PBXProject section */
		18D5F25124A47488005BF355 /* Project object */ = {
			isa = PBXProject;
			attributes = {
				LastSwiftUpdateCheck = 1150;
				LastUpgradeCheck = 1150;
				ORGANIZATIONNAME = erdogan;
				TargetAttributes = {
					18D5F25824A47488005BF355 = {
						CreatedOnToolsVersion = 11.5;
					};
				};
			};
			buildConfigurationList = 18D5F25424A47488005BF355 /* Build configuration list for PBXProject "TableViewController" */;
			compatibilityVersion = "Xcode 9.3";
			developmentRegion = en;
			hasScannedForEncodings = 0;
			knownRegions = (
				en,
				Base,
			);
			mainGroup = 18D5F25024A47488005BF355;
			productRefGroup = 18D5F25A24A47488005BF355 /* Products */;
			projectDirPath = "";
			projectRoot = "";
			targets = (
				18D5F25824A47488005BF355 /* TableViewController */,
			);
		};
/* End PBXProject section */

/* Begin PBXResourcesBuildPhase section */
		18D5F25724A47488005BF355 /* Resources */ = {
			isa = PBXResourcesBuildPhase;
			buildActionMask = 2147483647;
			files = (
				18D5F26924A47489005BF355 /* LaunchScreen.storyboard in Resources */,
				18D5F26624A47489005BF355 /* Assets.xcassets in Resources */,
				18D5F26424A47488005BF355 /* Main.storyboard in Resources */,
			);
			runOnlyForDeploymentPostprocessing = 0;
		};
/* End PBXResourcesBuildPhase section */

/* Begin PBXShellScriptBuildPhase section */
		67363C157D37097F810F029A /* [CP] Check Pods Manifest.lock */ = {
			isa = PBXShellScriptBuildPhase;
			buildActionMask = 2147483647;
			files = (
			);
			inputFileListPaths = (
			);
			inputPaths = (
				"${PODS_PODFILE_DIR_PATH}/Podfile.lock",
				"${PODS_ROOT}/Manifest.lock",
			);
			name = "[CP] Check Pods Manifest.lock";
			outputFileListPaths = (
			);
			outputPaths = (
				"$(DERIVED_FILE_DIR)/Pods-TableViewController-checkManifestLockResult.txt",
			);
			runOnlyForDeploymentPostprocessing = 0;
			shellPath = /bin/sh;
			shellScript = "diff \"${PODS_PODFILE_DIR_PATH}/Podfile.lock\" \"${PODS_ROOT}/Manifest.lock\" > /dev/null\nif [ $? != 0 ] ; then\n    # print error to STDERR\n    echo \"error: The sandbox is not in sync with the Podfile.lock. Run 'pod install' or update your CocoaPods installation.\" >&2\n    exit 1\nfi\n# This output is used by Xcode 'outputs' to avoid re-running this script phase.\necho \"SUCCESS\" > \"${SCRIPT_OUTPUT_FILE_0}\"\n";
			showEnvVarsInLog = 0;
		};
		BF41F6783C4F621DC13CC3B4 /* [CP] Embed Pods Frameworks */ = {
			isa = PBXShellScriptBuildPhase;
			buildActionMask = 2147483647;
			files = (
			);
			inputFileListPaths = (
				"${PODS_ROOT}/Target Support Files/Pods-TableViewController/Pods-TableViewController-frameworks-${CONFIGURATION}-input-files.xcfilelist",
			);
			name = "[CP] Embed Pods Frameworks";
			outputFileListPaths = (
				"${PODS_ROOT}/Target Support Files/Pods-TableViewController/Pods-TableViewController-frameworks-${CONFIGURATION}-output-files.xcfilelist",
			);
			runOnlyForDeploymentPostprocessing = 0;
			shellPath = /bin/sh;
			shellScript = "\"${PODS_ROOT}/Target Support Files/Pods-TableViewController/Pods-TableViewController-frameworks.sh\"\n";
			showEnvVarsInLog = 0;
		};
/* End PBXShellScriptBuildPhase section */

/* Begin PBXSourcesBuildPhase section */
		18D5F25524A47488005BF355 /* Sources */ = {
			isa = PBXSourcesBuildPhase;
			buildActionMask = 2147483647;
			files = (
				18D5F25D24A47488005BF355 /* AppDelegate.swift in Sources */,
				18D5F25F24A47488005BF355 /* SceneDelegate.swift in Sources */,
				18D5F27324A4786C005BF355 /* UrunListesiTableViewController.swift in Sources */,
				18D5F27524A4787D005BF355 /* UrunTableViewCell.swift in Sources */,
				18D5F27924A478BD005BF355 /* Urun.swift in Sources */,
			);
			runOnlyForDeploymentPostprocessing = 0;
		};
/* End PBXSourcesBuildPhase section */

/* Begin PBXVariantGroup section */
		18D5F26224A47488005BF355 /* Main.storyboard */ = {
			isa = PBXVariantGroup;
			children = (
				18D5F26324A47488005BF355 /* Base */,
			);
			name = Main.storyboard;
			sourceTree = "<group>";
		};
		18D5F26724A47489005BF355 /* LaunchScreen.storyboard */ = {
			isa = PBXVariantGroup;
			children = (
				18D5F26824A47489005BF355 /* Base */,
			);
			name = LaunchScreen.storyboard;
			sourceTree = "<group>";
		};
/* End PBXVariantGroup section */

/* Begin XCBuildConfiguration section */
		18D5F26B24A47489005BF355 /* Debug */ = {
			isa = XCBuildConfiguration;
			buildSettings = {
				ALWAYS_SEARCH_USER_PATHS = NO;
				CLANG_ANALYZER_NONNULL = YES;
				CLANG_ANALYZER_NUMBER_OBJECT_CONVERSION = YES_AGGRESSIVE;
				CLANG_CXX_LANGUAGE_STANDARD = "gnu++14";
				CLANG_CXX_LIBRARY = "libc++";
				CLANG_ENABLE_MODULES = YES;
				CLANG_ENABLE_OBJC_ARC = YES;
				CLANG_ENABLE_OBJC_WEAK = YES;
				CLANG_WARN_BLOCK_CAPTURE_AUTORELEASING = YES;
				CLANG_WARN_BOOL_CONVERSION = YES;
				CLANG_WARN_COMMA = YES;
				CLANG_WARN_CONSTANT_CONVERSION = YES;
				CLANG_WARN_DEPRECATED_OBJC_IMPLEMENTATIONS = YES;
				CLANG_WARN_DIRECT_OBJC_ISA_USAGE = YES_ERROR;
				CLANG_WARN_DOCUMENTATION_COMMENTS = YES;
				CLANG_WARN_EMPTY_BODY = YES;
				CLANG_WARN_ENUM_CONVERSION = YES;
				CLANG_WARN_INFINITE_RECURSION = YES;
				CLANG_WARN_INT_CONVERSION = YES;
				CLANG_WARN_NON_LITERAL_NULL_CONVERSION = YES;
				CLANG_WARN_OBJC_IMPLICIT_RETAIN_SELF = YES;
				CLANG_WARN_OBJC_LITERAL_CONVERSION = YES;
				CLANG_WARN_OBJC_ROOT_CLASS = YES_ERROR;
				CLANG_WARN_RANGE_LOOP_ANALYSIS = YES;
				CLANG_WARN_STRICT_PROTOTYPES = YES;
				CLANG_WARN_SUSPICIOUS_MOVE = YES;
				CLANG_WARN_UNGUARDED_AVAILABILITY = YES_AGGRESSIVE;
				CLANG_WARN_UNREACHABLE_CODE = YES;
				CLANG_WARN__DUPLICATE_METHOD_MATCH = YES;
				COPY_PHASE_STRIP = NO;
				DEBUG_INFORMATION_FORMAT = dwarf;
				ENABLE_STRICT_OBJC_MSGSEND = YES;
				ENABLE_TESTABILITY = YES;
				GCC_C_LANGUAGE_STANDARD = gnu11;
				GCC_DYNAMIC_NO_PIC = NO;
				GCC_NO_COMMON_BLOCKS = YES;
				GCC_OPTIMIZATION_LEVEL = 0;
				GCC_PREPROCESSOR_DEFINITIONS = (
					"DEBUG=1",
					"$(inherited)",
				);
				GCC_WARN_64_TO_32_BIT_CONVERSION = YES;
				GCC_WARN_ABOUT_RETURN_TYPE = YES_ERROR;
				GCC_WARN_UNDECLARED_SELECTOR = YES;
				GCC_WARN_UNINITIALIZED_AUTOS = YES_AGGRESSIVE;
				GCC_WARN_UNUSED_FUNCTION = YES;
				GCC_WARN_UNUSED_VARIABLE = YES;
				IPHONEOS_DEPLOYMENT_TARGET = 13.5;
				MTL_ENABLE_DEBUG_INFO = INCLUDE_SOURCE;
				MTL_FAST_MATH = YES;
				ONLY_ACTIVE_ARCH = YES;
				SDKROOT = iphoneos;
				SWIFT_ACTIVE_COMPILATION_CONDITIONS = DEBUG;
				SWIFT_OPTIMIZATION_LEVEL = "-Onone";
			};
			name = Debug;
		};
		18D5F26C24A47489005BF355 /* Release */ = {
			isa = XCBuildConfiguration;
			buildSettings = {
				ALWAYS_SEARCH_USER_PATHS = NO;
				CLANG_ANALYZER_NONNULL = YES;
				CLANG_ANALYZER_NUMBER_OBJECT_CONVERSION = YES_AGGRESSIVE;
				CLANG_CXX_LANGUAGE_STANDARD = "gnu++14";
				CLANG_CXX_LIBRARY = "libc++";
				CLANG_ENABLE_MODULES = YES;
				CLANG_ENABLE_OBJC_ARC = YES;
				CLANG_ENABLE_OBJC_WEAK = YES;
				CLANG_WARN_BLOCK_CAPTURE_AUTORELEASING = YES;
				CLANG_WARN_BOOL_CONVERSION = YES;
				CLANG_WARN_COMMA = YES;
				CLANG_WARN_CONSTANT_CONVERSION = YES;
				CLANG_WARN_DEPRECATED_OBJC_IMPLEMENTATIONS = YES;
				CLANG_WARN_DIRECT_OBJC_ISA_USAGE = YES_ERROR;
				CLANG_WARN_DOCUMENTATION_COMMENTS = YES;
				CLANG_WARN_EMPTY_BODY = YES;
				CLANG_WARN_ENUM_CONVERSION = YES;
				CLANG_WARN_INFINITE_RECURSION = YES;
				CLANG_WARN_INT_CONVERSION = YES;
				CLANG_WARN_NON_LITERAL_NULL_CONVERSION = YES;
				CLANG_WARN_OBJC_IMPLICIT_RETAIN_SELF = YES;
				CLANG_WARN_OBJC_LITERAL_CONVERSION = YES;
				CLANG_WARN_OBJC_ROOT_CLASS = YES_ERROR;
				CLANG_WARN_RANGE_LOOP_ANALYSIS = YES;
				CLANG_WARN_STRICT_PROTOTYPES = YES;
				CLANG_WARN_SUSPICIOUS_MOVE = YES;
				CLANG_WARN_UNGUARDED_AVAILABILITY = YES_AGGRESSIVE;
				CLANG_WARN_UNREACHABLE_CODE = YES;
				CLANG_WARN__DUPLICATE_METHOD_MATCH = YES;
				COPY_PHASE_STRIP = NO;
				DEBUG_INFORMATION_FORMAT = "dwarf-with-dsym";
				ENABLE_NS_ASSERTIONS = NO;
				ENABLE_STRICT_OBJC_MSGSEND = YES;
				GCC_C_LANGUAGE_STANDARD = gnu11;
				GCC_NO_COMMON_BLOCKS = YES;
				GCC_WARN_64_TO_32_BIT_CONVERSION = YES;
				GCC_WARN_ABOUT_RETURN_TYPE = YES_ERROR;
				GCC_WARN_UNDECLARED_SELECTOR = YES;
				GCC_WARN_UNINITIALIZED_AUTOS = YES_AGGRESSIVE;
				GCC_WARN_UNUSED_FUNCTION = YES;
				GCC_WARN_UNUSED_VARIABLE = YES;
				IPHONEOS_DEPLOYMENT_TARGET = 13.5;
				MTL_ENABLE_DEBUG_INFO = NO;
				MTL_FAST_MATH = YES;
				SDKROOT = iphoneos;
				SWIFT_COMPILATION_MODE = wholemodule;
				SWIFT_OPTIMIZATION_LEVEL = "-O";
				VALIDATE_PRODUCT = YES;
			};
			name = Release;
		};
		18D5F26E24A47489005BF355 /* Debug */ = {
			isa = XCBuildConfiguration;
			baseConfigurationReference = 9C3D0D5F5ECE7AA6AD67520F /* Pods-TableViewController.debug.xcconfig */;
			buildSettings = {
				ASSETCATALOG_COMPILER_APPICON_NAME = AppIcon;
				CODE_SIGN_ENTITLEMENTS = TableViewController/TableViewController.entitlements;
				CODE_SIGN_STYLE = Automatic;
				DEVELOPMENT_TEAM = PGK4CMQ428;
				INFOPLIST_FILE = TableViewController/Info.plist;
				LD_RUNPATH_SEARCH_PATHS = (
					"$(inherited)",
					"@executable_path/Frameworks",
				);
				PRODUCT_BUNDLE_IDENTIFIER = com.erdogan.TableViewControllerp;
				PRODUCT_NAME = "$(TARGET_NAME)";
				SWIFT_VERSION = 5.0;
				TARGETED_DEVICE_FAMILY = "1,2";
			};
			name = Debug;
		};
		18D5F26F24A47489005BF355 /* Release */ = {
			isa = XCBuildConfiguration;
			baseConfigurationReference = B540865F9E5E05F97A97EE83 /* Pods-TableViewController.release.xcconfig */;
			buildSettings = {
				ASSETCATALOG_COMPILER_APPICON_NAME = AppIcon;
				CODE_SIGN_ENTITLEMENTS = TableViewController/TableViewController.entitlements;
				CODE_SIGN_STYLE = Automatic;
				DEVELOPMENT_TEAM = PGK4CMQ428;
				INFOPLIST_FILE = TableViewController/Info.plist;
				LD_RUNPATH_SEARCH_PATHS = (
					"$(inherited)",
					"@executable_path/Frameworks",
				);
				PRODUCT_BUNDLE_IDENTIFIER = com.erdogan.TableViewControllerp;
				PRODUCT_NAME = "$(TARGET_NAME)";
				SWIFT_VERSION = 5.0;
				TARGETED_DEVICE_FAMILY = "1,2";
			};
			name = Release;
		};
/* End XCBuildConfiguration section */

/* Begin XCConfigurationList section */
		18D5F25424A47488005BF355 /* Build configuration list for PBXProject "TableViewController" */ = {
			isa = XCConfigurationList;
			buildConfigurations = (
				18D5F26B24A47489005BF355 /* Debug */,
				18D5F26C24A47489005BF355 /* Release */,
			);
			defaultConfigurationIsVisible = 0;
			defaultConfigurationName = Release;
		};
		18D5F26D24A47489005BF355 /* Build configuration list for PBXNativeTarget "TableViewController" */ = {
			isa = XCConfigurationList;
			buildConfigurations = (
				18D5F26E24A47489005BF355 /* Debug */,
				18D5F26F24A47489005BF355 /* Release */,
			);
			defaultConfigurationIsVisible = 0;
			defaultConfigurationName = Release;
		};
/* End XCConfigurationList section */
	};
	rootObject = 18D5F25124A47488005BF355 /* Project object */;
}
